
Microsoft Visual Studio Solution File, Format Version 12.00
# Visual Studio Version 16
VisualStudioVersion = 16.0.30309.148
MinimumVisualStudioVersion = 10.0.40219.1
Project("{2150E333-8FDC-42A3-9474-1A3956D46DE8}") = "Solution Items", "Solution Items", "{BF370841-1A95-44F5-BDF2-39EC1AAB4B22}"
	ProjectSection(SolutionItems) = preProject
		.gitignore = .gitignore
		README.md = README.md
	EndProjectSection
EndProject
Project("{2150E333-8FDC-42A3-9474-1A3956D46DE8}") = "src", "src", "{B4FF4838-F739-43CF-A861-51448998B08C}"
EndProject
Project("{9A19103F-16F7-4668-BE54-9A1E7A4F7556}") = "ClinicService.IdentityServer", "src\ClinicService.IdentityServer\ClinicService.IdentityServer.csproj", "{106A2394-EE47-45FF-8BD3-E3DABC1A331A}"
EndProject
Project("{9A19103F-16F7-4668-BE54-9A1E7A4F7556}") = "ClinicService.Client", "src\ClinicService.Client\ClinicService.Client.csproj", "{7363387B-B96D-4A1D-A66B-8B5FD8BB228D}"
EndProject
Global
	GlobalSection(SolutionConfigurationPlatforms) = preSolution
		Debug|Any CPU = Debug|Any CPU
		Release|Any CPU = Release|Any CPU
	EndGlobalSection
	GlobalSection(ProjectConfigurationPlatforms) = postSolution
		{106A2394-EE47-45FF-8BD3-E3DABC1A331A}.Debug|Any CPU.ActiveCfg = Debug|Any CPU
		{106A2394-EE47-45FF-8BD3-E3DABC1A331A}.Debug|Any CPU.Build.0 = Debug|Any CPU
		{106A2394-EE47-45FF-8BD3-E3DABC1A331A}.Release|Any CPU.ActiveCfg = Release|Any CPU
		{106A2394-EE47-45FF-8BD3-E3DABC1A331A}.Release|Any CPU.Build.0 = Release|Any CPU
		{7363387B-B96D-4A1D-A66B-8B5FD8BB228D}.Debug|Any CPU.ActiveCfg = Debug|Any CPU
		{7363387B-B96D-4A1D-A66B-8B5FD8BB228D}.Debug|Any CPU.Build.0 = Debug|Any CPU
		{7363387B-B96D-4A1D-A66B-8B5FD8BB228D}.Release|Any CPU.ActiveCfg = Release|Any CPU
		{7363387B-B96D-4A1D-A66B-8B5FD8BB228D}.Release|Any CPU.Build.0 = Release|Any CPU
	EndGlobalSection
	GlobalSection(SolutionProperties) = preSolution
		HideSolutionNode = FALSE
	EndGlobalSection
	GlobalSection(NestedProjects) = preSolution
		{106A2394-EE47-45FF-8BD3-E3DABC1A331A} = {B4FF4838-F739-43CF-A861-51448998B08C}
		{7363387B-B96D-4A1D-A66B-8B5FD8BB228D} = {B4FF4838-F739-43CF-A861-51448998B08C}
	EndGlobalSection
	GlobalSection(ExtensibilityGlobals) = postSolution
		SolutionGuid = {4B6B5DF7-A2E8-4178-BCE3-DC81BC411E8F}
	EndGlobalSection
EndGlobal
